#MicroXplorer Configuration settings - do not modify
File.Version=6
I2C1.IPParameters=Timing
I2C1.Timing=0x00000202
KeepUserPlacement=false
Mcu.Family=STM32L0
Mcu.IP0=I2C1
Mcu.IP1=NVIC
Mcu.IP2=RCC
Mcu.IP3=RTC
Mcu.IP4=SPI1
Mcu.IP5=SYS
Mcu.IP6=TIM2
Mcu.IP7=TIM21
Mcu.IP8=TIM22
Mcu.IPNb=9
Mcu.Name=STM32L031C(4-6)Tx
Mcu.Package=LQFP48
Mcu.Pin0=PC14-OSC32_IN
Mcu.Pin1=PC15-OSC32_OUT
Mcu.Pin10=PB1
Mcu.Pin11=PB2
Mcu.Pin12=PB10
Mcu.Pin13=PB11
Mcu.Pin14=PB12
Mcu.Pin15=PB13
Mcu.Pin16=PB14
Mcu.Pin17=PB15
Mcu.Pin18=PA8
Mcu.Pin19=PA9
Mcu.Pin2=PA0
Mcu.Pin20=PA10
Mcu.Pin21=PA11
Mcu.Pin22=PA12
Mcu.Pin23=PA13
Mcu.Pin24=PA14
Mcu.Pin25=PA15
Mcu.Pin26=PB3
Mcu.Pin27=PB4
Mcu.Pin28=PB5
Mcu.Pin29=PB6
Mcu.Pin3=PA1
Mcu.Pin30=PB7
Mcu.Pin31=PB8
Mcu.Pin32=PB9
Mcu.Pin33=VP_RTC_VS_RTC_WakeUp_intern
Mcu.Pin34=VP_RTC_VS_RTC_Alarm_A_Intern
Mcu.Pin35=VP_SYS_VS_Systick
Mcu.Pin36=VP_TIM2_VS_ClockSourceINT
Mcu.Pin37=VP_TIM21_VS_ClockSourceINT
Mcu.Pin38=VP_TIM22_VS_ClockSourceINT
Mcu.Pin4=PA2
Mcu.Pin5=PA4
Mcu.Pin6=PA5
Mcu.Pin7=PA6
Mcu.Pin8=PA7
Mcu.Pin9=PB0
Mcu.PinsNb=39
Mcu.UserConstants=
Mcu.UserName=STM32L031C6Tx
MxCube.Version=4.15.1
MxDb.Version=DB.4.0.151
NVIC.EXTI0_1_IRQn=true\:3\:0\:true\:true\:true\:1
NVIC.EXTI2_3_IRQn=true\:3\:0\:true\:true\:true\:2
NVIC.EXTI4_15_IRQn=true\:3\:0\:true\:true\:true\:3
NVIC.HardFault_IRQn=true\:0\:0\:false\:false\:true
NVIC.NonMaskableInt_IRQn=true\:0\:0\:false\:false\:true
NVIC.PendSV_IRQn=true\:0\:0\:false\:false\:true
NVIC.RTC_IRQn=true\:3\:0\:true\:false\:true
NVIC.SVC_IRQn=true\:0\:0\:false\:false\:true
NVIC.SysTick_IRQn=true\:0\:0\:false\:false\:true
NVIC.TIM21_IRQn=true\:2\:0\:true\:false\:true
NVIC.TIM22_IRQn=true\:2\:0\:true\:false\:true
NVIC.TIM2_IRQn=true\:2\:0\:true\:false\:true
PA0.GPIOParameters=GPIO_PuPd,GPIO_Label
PA0.GPIO_Label=NRF_CSN
PA0.GPIO_PuPd=GPIO_PULLDOWN
PA0.Locked=true
PA0.Signal=GPIO_Output
PA1.GPIOParameters=GPIO_Label
PA1.GPIO_Label=NRF_CE
PA1.Locked=true
PA1.Signal=GPIO_Output
PA10.Mode=I2C
PA10.Signal=I2C1_SDA
PA11.GPIOParameters=GPIO_PuPd,GPIO_Label
PA11.GPIO_Label=LED_SOUT
PA11.GPIO_PuPd=GPIO_PULLDOWN
PA11.Locked=true
PA11.Signal=GPIO_Input
PA12.GPIOParameters=GPIO_PuPd,GPIO_Label
PA12.GPIO_Label=LED_SBLANK
PA12.GPIO_PuPd=GPIO_PULLDOWN
PA12.Locked=true
PA12.Signal=GPIO_Output
PA13.Mode=Serial_Wire
PA13.Signal=SYS_SWDIO
PA14.Mode=Serial_Wire
PA14.Signal=SYS_SWCLK
PA15.GPIOParameters=GPIO_PuPd,GPIO_Label
PA15.GPIO_Label=USER_LATCH
PA15.GPIO_PuPd=GPIO_PULLDOWN
PA15.Locked=true
PA15.Signal=GPIO_Output
PA2.Mode=Calibration_512Hz
PA2.Signal=RTC_OUT_CALIB
PA4.GPIOParameters=GPIO_PuPd,GPIO_Label
PA4.GPIO_Label=ACC_CS
PA4.GPIO_PuPd=GPIO_PULLDOWN
PA4.Locked=true
PA4.Signal=GPIO_Output
PA5.Mode=Full_Duplex_Master
PA5.Signal=SPI1_SCK
PA6.Mode=Full_Duplex_Master
PA6.Signal=SPI1_MISO
PA7.Mode=Full_Duplex_Master
PA7.Signal=SPI1_MOSI
PA8.Signal=S_TIM2_CH1
PA9.Mode=I2C
PA9.Signal=I2C1_SCL
PB0.GPIOParameters=GPIO_Label
PB0.GPIO_Label=KP_COL1
PB0.Locked=true
PB0.Signal=GPXTI0
PB1.GPIOParameters=GPIO_Label
PB1.GPIO_Label=KP_COL2
PB1.Locked=true
PB1.Signal=GPXTI1
PB10.GPIOParameters=GPIO_Label
PB10.GPIO_Label=KP_ROW4
PB10.Locked=true
PB10.Signal=GPIO_Output
PB11.GPIOParameters=GPIO_PuPd,GPIO_Label
PB11.GPIO_Label=NRF_IRQ
PB11.GPIO_PuPd=GPIO_PULLDOWN
PB11.Locked=true
PB11.Signal=GPXTI11
PB12.GPIOParameters=GPIO_PuPd,GPIO_Label
PB12.GPIO_Label=ACC_INT1
PB12.GPIO_PuPd=GPIO_PULLDOWN
PB12.Locked=true
PB12.Signal=GPXTI12
PB13.GPIOParameters=GPIO_PuPd,GPIO_Label
PB13.GPIO_Label=ACC_INT2
PB13.GPIO_PuPd=GPIO_PULLDOWN
PB13.Locked=true
PB13.Signal=GPXTI13
PB14.GPIOParameters=GPIO_PuPd,GPIO_Label
PB14.GPIO_Label=LED_SCLK
PB14.GPIO_PuPd=GPIO_PULLDOWN
PB14.Locked=true
PB14.Signal=GPIO_Output
PB15.GPIOParameters=GPIO_PuPd,GPIO_Label
PB15.GPIO_Label=LED_SIN
PB15.GPIO_PuPd=GPIO_PULLDOWN
PB15.Locked=true
PB15.Signal=GPIO_Output
PB2.GPIOParameters=GPIO_Label
PB2.GPIO_Label=KP_COL3
PB2.Locked=true
PB2.Signal=GPXTI2
PB3.GPIOParameters=GPIO_Label
PB3.GPIO_Label=KP_COL4
PB3.Locked=true
PB3.Signal=GPXTI3
PB4.GPIOParameters=GPIO_Label
PB4.GPIO_Label=KP_COL5
PB4.Locked=true
PB4.Signal=GPXTI4
PB5.GPIOParameters=GPIO_Label
PB5.GPIO_Label=KP_COL6
PB5.Locked=true
PB5.Signal=GPXTI5
PB6.GPIOParameters=GPIO_Label
PB6.GPIO_Label=KP_COL7
PB6.Locked=true
PB6.Signal=GPXTI6
PB7.GPIOParameters=GPIO_PuPd,GPIO_Label,GPIO_FM7
PB7.GPIO_FM7=__NULL
PB7.GPIO_Label=KP_ROW1
PB7.GPIO_PuPd=GPIO_PULLDOWN
PB7.Locked=true
PB7.Signal=GPIO_Output
PB8.GPIOParameters=GPIO_PuPd,GPIO_Label
PB8.GPIO_Label=KP_ROW2
PB8.GPIO_PuPd=GPIO_PULLDOWN
PB8.Locked=true
PB8.Signal=GPIO_Output
PB9.GPIOParameters=GPIO_PuPd,GPIO_Label
PB9.GPIO_Label=KP_ROW3
PB9.GPIO_PuPd=GPIO_PULLDOWN
PB9.Locked=true
PB9.Signal=GPIO_Output
PC14-OSC32_IN.GPIOParameters=PinState,GPIO_PuPd,GPIO_Label
PC14-OSC32_IN.GPIO_Label=GEN_M
PC14-OSC32_IN.GPIO_PuPd=GPIO_NOPULL
PC14-OSC32_IN.Locked=true
PC14-OSC32_IN.PinState=GPIO_PIN_SET
PC14-OSC32_IN.Signal=GPIO_Output
PC15-OSC32_OUT.GPIOParameters=PinState,GPIO_Label
PC15-OSC32_OUT.GPIO_Label=GEN_F
PC15-OSC32_OUT.Locked=true
PC15-OSC32_OUT.PinState=GPIO_PIN_SET
PC15-OSC32_OUT.Signal=GPIO_Output
PCC.Checker=true
PCC.Line=STM32L0x1
PCC.MCU=STM32L031C(4-6)Tx
PCC.MXVersion=4.15.1
PCC.PartNumber=STM32L031C6Tx
PCC.Seq0=0
PCC.Series=STM32L0
PCC.Temperature=25
PCC.Vdd=3.0
ProjectManager.AskForMigrate=true
ProjectManager.BackupPrevious=false
ProjectManager.CompilerOptimize=2
ProjectManager.ComputerToolchain=false
ProjectManager.CoupleFile=false
ProjectManager.DeletePrevious=true
ProjectManager.DeviceId=STM32L031C6Tx
ProjectManager.FirmwarePackage=STM32Cube FW_L0 V1.7.0
ProjectManager.FreePins=false
ProjectManager.HalAssertFull=false
ProjectManager.HeapSize=0x200
ProjectManager.KeepUserCode=true
ProjectManager.LastFirmware=true
ProjectManager.LibraryCopy=0
ProjectManager.PreviousToolchain=
ProjectManager.ProjectBuild=false
ProjectManager.ProjectFileName=REMOTE V2.ioc
ProjectManager.ProjectName=REMOTE V2
ProjectManager.StackSize=0x400
ProjectManager.TargetToolchain=MDK-ARM V5
ProjectManager.ToolChainLocation=D\:\\Vayve\\Amit\\Backup RemoteV2\\d4\\REMOTE V2
ProjectManager.UnderRoot=false
ProjectManager.functionlistsort=1-MX_GPIO_Init-GPIO-false,2-MX_I2C1_Init-I2C1-false,3-MX_RTC_Init-RTC-false,4-MX_SPI1_Init-SPI1-false,5-MX_TIM2_Init-TIM2-false,6-MX_TIM21_Init-TIM21-false,7-MX_TIM22_Init-TIM22-false
RCC.AHBFreq_Value=1048000
RCC.APB1Freq_Value=1048000
RCC.APB1TimFreq_Value=1048000
RCC.APB2Freq_Value=1048000
RCC.APB2TimFreq_Value=1048000
RCC.FCLKCortexFreq_Value=1048000
RCC.FamilyName=M
RCC.HCLKFreq_Value=1048000
RCC.HSE_VALUE=8000000
RCC.HSI16_VALUE=16000000
RCC.HSI_VALUE=16000000
RCC.I2C1Freq_Value=1048000
RCC.IPParameters=AHBFreq_Value,APB1Freq_Value,APB1TimFreq_Value,APB2Freq_Value,APB2TimFreq_Value,FCLKCortexFreq_Value,FamilyName,HCLKFreq_Value,HSE_VALUE,HSI16_VALUE,HSI_VALUE,I2C1Freq_Value,LPTIMFreq_Value,LPUARTFreq_Value,LSE_VALUE,LSI_VALUE,MCOPinFreq_Value,MSIClockRange,MSI_VALUE,PLLCLKFreq_Value,PWRFreq_Value,RCC_RTC_Clock_Source_FROM_HSE,RTCFreq_Value,RTCHSEDivFreq_Value,SYSCLKFreq_VALUE,TIMFreq_Value,TimerFreq_Value,USART2Freq_Value,VCOOutputFreq_Value,WatchDogFreq_Value
RCC.LPTIMFreq_Value=1048000
RCC.LPUARTFreq_Value=1048000
RCC.LSE_VALUE=32768
RCC.LSI_VALUE=37000
RCC.MCOPinFreq_Value=1048000
RCC.MSIClockRange=RCC_MSIRANGE_4
RCC.MSI_VALUE=1048000
RCC.PLLCLKFreq_Value=24000000
RCC.PWRFreq_Value=1048000
RCC.RCC_RTC_Clock_Source_FROM_HSE=RCC_RTCCLKSOURCE_HSE_DIV16
RCC.RTCFreq_Value=37000
RCC.RTCHSEDivFreq_Value=500000
RCC.SYSCLKFreq_VALUE=1048000
RCC.TIMFreq_Value=1048000
RCC.TimerFreq_Value=1048000
RCC.USART2Freq_Value=1048000
RCC.VCOOutputFreq_Value=48000000
RCC.WatchDogFreq_Value=37000
RTC.IPParameters=WakeUpClock-WakeUp,WakeUpCounter-WakeUp
RTC.WakeUpClock-WakeUp=RTC_WAKEUPCLOCK_CK_SPRE_16BITS
RTC.WakeUpCounter-WakeUp=1
SH.GPXTI0.0=GPIO_EXTI0
SH.GPXTI0.ConfNb=1
SH.GPXTI1.0=GPIO_EXTI1
SH.GPXTI1.ConfNb=1
SH.GPXTI11.0=GPIO_EXTI11
SH.GPXTI11.ConfNb=1
SH.GPXTI12.0=GPIO_EXTI12
SH.GPXTI12.ConfNb=1
SH.GPXTI13.0=GPIO_EXTI13
SH.GPXTI13.ConfNb=1
SH.GPXTI2.0=GPIO_EXTI2
SH.GPXTI2.ConfNb=1
SH.GPXTI3.0=GPIO_EXTI3
SH.GPXTI3.ConfNb=1
SH.GPXTI4.0=GPIO_EXTI4
SH.GPXTI4.ConfNb=1
SH.GPXTI5.0=GPIO_EXTI5
SH.GPXTI5.ConfNb=1
SH.GPXTI6.0=GPIO_EXTI6
SH.GPXTI6.ConfNb=1
SH.S_TIM2_CH1.0=TIM2_CH1,Output Compare1 CH1
SH.S_TIM2_CH1.ConfNb=1
SPI1.CalculateBaudRate=524.0 KBits/s
SPI1.IPParameters=Mode,CalculateBaudRate
SPI1.Mode=SPI_MODE_MASTER
TIM2.IPParameters=Prescaler,Period,OCMode_1,OCPolarity_1
TIM2.OCMode_1=TIM_OCMODE_TIMING
TIM2.OCPolarity_1=TIM_OCPOLARITY_LOW
TIM2.Period=0
TIM2.Prescaler=0
TIM21.IPParameters=Prescaler,Period
TIM21.Period=100
TIM21.Prescaler=1000
VP_RTC_VS_RTC_Alarm_A_Intern.Mode=Alarm A
VP_RTC_VS_RTC_Alarm_A_Intern.Signal=RTC_VS_RTC_Alarm_A_Intern
VP_RTC_VS_RTC_WakeUp_intern.Mode=WakeUp
VP_RTC_VS_RTC_WakeUp_intern.Signal=RTC_VS_RTC_WakeUp_intern
VP_SYS_VS_Systick.Mode=SysTick
VP_SYS_VS_Systick.Signal=SYS_VS_Systick
VP_TIM21_VS_ClockSourceINT.Mode=Internal
VP_TIM21_VS_ClockSourceINT.Signal=TIM21_VS_ClockSourceINT
VP_TIM22_VS_ClockSourceINT.Mode=Internal
VP_TIM22_VS_ClockSourceINT.Signal=TIM22_VS_ClockSourceINT
VP_TIM2_VS_ClockSourceINT.Mode=Internal
VP_TIM2_VS_ClockSourceINT.Signal=TIM2_VS_ClockSourceINT
board=REMOTE V2
